
Microsoft Visual Studio Solution File, Format Version 12.00
# Visual Studio Version 17
VisualStudioVersion = 17.4.33122.133
MinimumVisualStudioVersion = 10.0.40219.1
Project("{FAE04EC0-301F-11D3-BF4B-00C04F79EFBC}") = "Code1Approach", "Code1Approach\Code1Approach.csproj", "{3CB5EE4F-F00A-4C2C-8E41-E4CEEB7E514B}"
EndProject
Global
	GlobalSection(SolutionConfigurationPlatforms) = preSolution
		Debug|Any CPU = Debug|Any CPU
		Release|Any CPU = Release|Any CPU
	EndGlobalSection
	GlobalSection(ProjectConfigurationPlatforms) = postSolution
		{3CB5EE4F-F00A-4C2C-8E41-E4CEEB7E514B}.Debug|Any CPU.ActiveCfg = Debug|Any CPU
		{3CB5EE4F-F00A-4C2C-8E41-E4CEEB7E514B}.Debug|Any CPU.Build.0 = Debug|Any CPU
		{3CB5EE4F-F00A-4C2C-8E41-E4CEEB7E514B}.Release|Any CPU.ActiveCfg = Release|Any CPU
		{3CB5EE4F-F00A-4C2C-8E41-E4CEEB7E514B}.Release|Any CPU.Build.0 = Release|Any CPU
	EndGlobalSection
	GlobalSection(SolutionProperties) = preSolution
		HideSolutionNode = FALSE
	EndGlobalSection
	GlobalSection(ExtensibilityGlobals) = postSolution
		SolutionGuid = {C75287B0-F933-42E5-9C70-BE0CC3D4024F}
	EndGlobalSection
EndGlobal
